// !$*UTF8*$!
{
	archiveVersion = 1;
	classes = {
	};
	objectVersion = 46;
	objects = {

/* Begin PBXBuildFile section */
		68B34B641C19FCF800F85CBD /* AppDelegate.swift in Sources */ = {isa = PBXBuildFile; fileRef = 68B34B631C19FCF800F85CBD /* AppDelegate.swift */; };
		68B34B691C19FCF800F85CBD /* Main.storyboard in Resources */ = {isa = PBXBuildFile; fileRef = 68B34B671C19FCF800F85CBD /* Main.storyboard */; };
		68B34B6B1C19FCF800F85CBD /* Assets.xcassets in Resources */ = {isa = PBXBuildFile; fileRef = 68B34B6A1C19FCF800F85CBD /* Assets.xcassets */; };
		68B34B761C19FD9900F85CBD /* TipViewController.swift in Sources */ = {isa = PBXBuildFile; fileRef = 68B34B751C19FD9900F85CBD /* TipViewController.swift */; };
		68B34B781C19FDAA00F85CBD /* SettingsViewController.swift in Sources */ = {isa = PBXBuildFile; fileRef = 68B34B771C19FDAA00F85CBD /* SettingsViewController.swift */; };
/* End PBXBuildFile section */

/* Begin PBXFileReference section */
		68B34B601C19FCF800F85CBD /* A Tip to Remember.app */ = {isa = PBXFileReference; explicitFileType = wrapper.application; includeInIndex = 0; path = "A Tip to Remember.app"; sourceTree = BUILT_PRODUCTS_DIR; };
		68B34B631C19FCF800F85CBD /* AppDelegate.swift */ = {isa = PBXFileReference; lastKnownFileType = sourcecode.swift; path = AppDelegate.swift; sourceTree = "<group>"; };
		68B34B681C19FCF800F85CBD /* Base */ = {isa = PBXFileReference; lastKnownFileType = file.storyboard; name = Base; path = Base.lproj/Main.storyboard; sourceTree = "<group>"; };
		68B34B6A1C19FCF800F85CBD /* Assets.xcassets */ = {isa = PBXFileReference; lastKnownFileType = folder.assetcatalog; path = Assets.xcassets; sourceTree = "<group>"; };
		68B34B6F1C19FCF800F85CBD /* Info.plist */ = {isa = PBXFileReference; lastKnownFileType = text.plist.xml; path = Info.plist; sourceTree = "<group>"; };
		68B34B751C19FD9900F85CBD /* TipViewController.swift */ = {isa = PBXFileReference; fileEncoding = 4; lastKnownFileType = sourcecode.swift; path = TipViewController.swift; sourceTree = "<group>"; };
		68B34B771C19FDAA00F85CBD /* SettingsViewController.swift */ = {isa = PBXFileReference; fileEncoding = 4; lastKnownFileType = sourcecode.swift; path = SettingsViewController.swift; sourceTree = "<group>"; };
/* End PBXFileReference section */

/* Begin PBXFrameworksBuildPhase section */
		68B34B5D1C19FCF800F85CBD /* Frameworks */ = {
			isa = PBXFrameworksBuildPhase;
			buildActionMask = 2147483647;
			files = (
			);
			runOnlyForDeploymentPostprocessing = 0;
		};
/* End PBXFrameworksBuildPhase section */

/* Begin PBXGroup section */
		68B34B571C19FCF800F85CBD = {
			isa = PBXGroup;
			children = (
				68B34B621C19FCF800F85CBD /* A Tip to Remember */,
				68B34B611C19FCF800F85CBD /* Products */,
			);
			sourceTree = "<group>";
		};
		68B34B611C19FCF800F85CBD /* Products */ = {
			isa = PBXGroup;
			children = (
				68B34B601C19FCF800F85CBD /* A Tip to Remember.app */,
			);
			name = Products;
			sourceTree = "<group>";
		};
		68B34B621C19FCF800F85CBD /* A Tip to Remember */ = {
			isa = PBXGroup;
			children = (
				68B34B631C19FCF800F85CBD /* AppDelegate.swift */,
				68B34B671C19FCF800F85CBD /* Main.storyboard */,
				68B34B751C19FD9900F85CBD /* TipViewController.swift */,
				68B34B771C19FDAA00F85CBD /* SettingsViewController.swift */,
				68B34B6A1C19FCF800F85CBD /* Assets.xcassets */,
				68B34B6F1C19FCF800F85CBD /* Info.plist */,
			);
			path = "A Tip to Remember";
			sourceTree = "<group>";
		};
/* End PBXGroup section */

/* Begin PBXNativeTarget section */
		68B34B5F1C19FCF800F85CBD /* A Tip to Remember */ = {
			isa = PBXNativeTarget;
			buildConfigurationList = 68B34B721C19FCF800F85CBD /* Build configuration list for PBXNativeTarget "A Tip to Remember" */;
			buildPhases = (
				68B34B5C1C19FCF800F85CBD /* Sources */,
				68B34B5D1C19FCF800F85CBD /* Frameworks */,
				68B34B5E1C19FCF800F85CBD /* Resources */,
			);
			buildRules = (
			);
			dependencies = (
			);
			name = "A Tip to Remember";
			productName = "A Tip to Remember";
			productReference = 68B34B601C19FCF800F85CBD /* A Tip to Remember.app */;
			productType = "com.apple.product-type.application";
		};
/* End PBXNativeTarget section */

/* Begin PBXProject section */
		68B34B581C19FCF800F85CBD /* Project object */ = {
			isa = PBXProject;
			attributes = {
				LastSwiftUpdateCheck = 0710;
				LastUpgradeCheck = 0710;
				ORGANIZATIONNAME = dylan;
				TargetAttributes = {
					68B34B5F1C19FCF800F85CBD = {
						CreatedOnToolsVersion = 7.1.1;
					};
				};
			};
			buildConfigurationList = 68B34B5B1C19FCF800F85CBD /* Build configuration list for PBXProject "A Tip to Remember" */;
			compatibilityVersion = "Xcode 3.2";
			developmentRegion = English;
			hasScannedForEncodings = 0;
			knownRegions = (
				en,
				Base,
			);
			mainGroup = 68B34B571C19FCF800F85CBD;
			productRefGroup = 68B34B611C19FCF800F85CBD /* Products */;
			projectDirPath = "";
			projectRoot = "";
			targets = (
				68B34B5F1C19FCF800F85CBD /* A Tip to Remember */,
			);
		};
/* End PBXProject section */

/* Begin PBXResourcesBuildPhase section */
		68B34B5E1C19FCF800F85CBD /* Resources */ = {
			isa = PBXResourcesBuildPhase;
			buildActionMask = 2147483647;
			files = (
				68B34B6B1C19FCF800F85CBD /* Assets.xcassets in Resources */,
				68B34B691C19FCF800F85CBD /* Main.storyboard in Resources */,
			);
			runOnlyForDeploymentPostprocessing = 0;
		};
/* End PBXResourcesBuildPhase section */

/* Begin PBXSourcesBuildPhase section */
		68B34B5C1C19FCF800F85CBD /* Sources */ = {
			isa = PBXSourcesBuildPhase;
			buildActionMask = 2147483647;
			files = (
				68B34B761C19FD9900F85CBD /* TipViewController.swift in Sources */,
				68B34B641C19FCF800F85CBD /* AppDelegate.swift in Sources */,
				68B34B781C19FDAA00F85CBD /* SettingsViewController.swift in Sources */,
			);
			runOnlyForDeploymentPostprocessing = 0;
		};
/* End PBXSourcesBuildPhase section */

/* Begin PBXVariantGroup section */
		68B34B671C19FCF800F85CBD /* Main.storyboard */ = {
			isa = PBXVariantGroup;
			children = (
				68B34B681C19FCF800F85CBD /* Base */,
			);
			name = Main.storyboard;
			sourceTree = "<group>";
		};
/* End PBXVariantGroup section */

/* Begin XCBuildConfiguration section */
		68B34B701C19FCF800F85CBD /* Debug */ = {
			isa = XCBuildConfiguration;
			buildSettings = {
				ALWAYS_SEARCH_USER_PATHS = NO;
				CLANG_CXX_LANGUAGE_STANDARD = "gnu++0x";
				CLANG_CXX_LIBRARY = "libc++";
				CLANG_ENABLE_MODULES = YES;
				CLANG_ENABLE_OBJC_ARC = YES;
				CLANG_WARN_BOOL_CONVERSION = YES;
				CLANG_WARN_CONSTANT_CONVERSION = YES;
				CLANG_WARN_DIRECT_OBJC_ISA_USAGE = YES_ERROR;
				CLANG_WARN_EMPTY_BODY = YES;
				CLANG_WARN_ENUM_CONVERSION = YES;
				CLANG_WARN_INT_CONVERSION = YES;
				CLANG_WARN_OBJC_ROOT_CLASS = YES_ERROR;
				CLANG_WARN_UNREACHABLE_CODE = YES;
				CLANG_WARN__DUPLICATE_METHOD_MATCH = YES;
				"CODE_SIGN_IDENTITY[sdk=iphoneos*]" = "iPhone Developer";
				COPY_PHASE_STRIP = NO;
				DEBUG_INFORMATION_FORMAT = dwarf;
				ENABLE_STRICT_OBJC_MSGSEND = YES;
				ENABLE_TESTABILITY = YES;
				GCC_C_LANGUAGE_STANDARD = gnu99;
				GCC_DYNAMIC_NO_PIC = NO;
				GCC_NO_COMMON_BLOCKS = YES;
				GCC_OPTIMIZATION_LEVEL = 0;
				GCC_PREPROCESSOR_DEFINITIONS = (
					"DEBUG=1",
					"$(inherited)",
				);
				GCC_WARN_64_TO_32_BIT_CONVERSION = YES;
				GCC_WARN_ABOUT_RETURN_TYPE = YES_ERROR;
				GCC_WARN_UNDECLARED_SELECTOR = YES;
				GCC_WARN_UNINITIALIZED_AUTOS = YES_AGGRESSIVE;
				GCC_WARN_UNUSED_FUNCTION = YES;
				GCC_WARN_UNUSED_VARIABLE = YES;
				IPHONEOS_DEPLOYMENT_TARGET = 9.1;
				MTL_ENABLE_DEBUG_INFO = YES;
				ONLY_ACTIVE_ARCH = YES;
				SDKROOT = iphoneos;
				SWIFT_OPTIMIZATION_LEVEL = "-Onone";
			};
			name = Debug;
		};
		68B34B711C19FCF800F85CBD /* Release */ = {
			isa = XCBuildConfiguration;
			buildSettings = {
				ALWAYS_SEARCH_USER_PATHS = NO;
				CLANG_CXX_LANGUAGE_STANDARD = "gnu++0x";
				CLANG_CXX_LIBRARY = "libc++";
				CLANG_ENABLE_MODULES = YES;
				CLANG_ENABLE_OBJC_ARC = YES;
				CLANG_WARN_BOOL_CONVERSION = YES;
				CLANG_WARN_CONSTANT_CONVERSION = YES;
				CLANG_WARN_DIRECT_OBJC_ISA_USAGE = YES_ERROR;
				CLANG_WARN_EMPTY_BODY = YES;
				CLANG_WARN_ENUM_CONVERSION = YES;
				CLANG_WARN_INT_CONVERSION = YES;
				CLANG_WARN_OBJC_ROOT_CLASS = YES_ERROR;
				CLANG_WARN_UNREACHABLE_CODE = YES;
				CLANG_WARN__DUPLICATE_METHOD_MATCH = YES;
				"CODE_SIGN_IDENTITY[sdk=iphoneos*]" = "iPhone Developer";
				COPY_PHASE_STRIP = NO;
				DEBUG_INFORMATION_FORMAT = "dwarf-with-dsym";
				ENABLE_NS_ASSERTIONS = NO;
				ENABLE_STRICT_OBJC_MSGSEND = YES;
				GCC_C_LANGUAGE_STANDARD = gnu99;
				GCC_NO_COMMON_BLOCKS = YES;
				GCC_WARN_64_TO_32_BIT_CONVERSION = YES;
				GCC_WARN_ABOUT_RETURN_TYPE = YES_ERROR;
				GCC_WARN_UNDECLARED_SELECTOR = YES;
				GCC_WARN_UNINITIALIZED_AUTOS = YES_AGGRESSIVE;
				GCC_WARN_UNUSED_FUNCTION = YES;
				GCC_WARN_UNUSED_VARIABLE = YES;
				IPHONEOS_DEPLOYMENT_TARGET = 9.1;
				MTL_ENABLE_DEBUG_INFO = NO;
				SDKROOT = iphoneos;
				VALIDATE_PRODUCT = YES;
			};
			name = Release;
		};
		68B34B731C19FCF800F85CBD /* Debug */ = {
			isa = XCBuildConfiguration;
			buildSettings = {
				ASSETCATALOG_COMPILER_APPICON_NAME = AppIcon;
				INFOPLIST_FILE = "A Tip to Remember/Info.plist";
				LD_RUNPATH_SEARCH_PATHS = "$(inherited) @executable_path/Frameworks";
				PRODUCT_BUNDLE_IDENTIFIER = "com.heydylan.A-Tip-to-Remember";
				PRODUCT_NAME = "$(TARGET_NAME)";
				TARGETED_DEVICE_FAMILY = 1;
			};
			name = Debug;
		};
		68B34B741C19FCF800F85CBD /* Release */ = {
			isa = XCBuildConfiguration;
			buildSettings = {
				ASSETCATALOG_COMPILER_APPICON_NAME = AppIcon;
				INFOPLIST_FILE = "A Tip to Remember/Info.plist";
				LD_RUNPATH_SEARCH_PATHS = "$(inherited) @executable_path/Frameworks";
				PRODUCT_BUNDLE_IDENTIFIER = "com.heydylan.A-Tip-to-Remember";
				PRODUCT_NAME = "$(TARGET_NAME)";
				TARGETED_DEVICE_FAMILY = 1;
			};
			name = Release;
		};
/* End XCBuildConfiguration section */

/* Begin XCConfigurationList section */
		68B34B5B1C19FCF800F85CBD /* Build configuration list for PBXProject "A Tip to Remember" */ = {
			isa = XCConfigurationList;
			buildConfigurations = (
				68B34B701C19FCF800F85CBD /* Debug */,
				68B34B711C19FCF800F85CBD /* Release */,
			);
			defaultConfigurationIsVisible = 0;
			defaultConfigurationName = Release;
		};
		68B34B721C19FCF800F85CBD /* Build configuration list for PBXNativeTarget "A Tip to Remember" */ = {
			isa = XCConfigurationList;
			buildConfigurations = (
				68B34B731C19FCF800F85CBD /* Debug */,
				68B34B741C19FCF800F85CBD /* Release */,
			);
			defaultConfigurationIsVisible = 0;
		};
/* End XCConfigurationList section */
	};
	rootObject = 68B34B581C19FCF800F85CBD /* Project object */;
}
